// !$*UTF8*$!
{
	archiveVersion = 1;
	classes = {
	};
	objectVersion = 77;
	objects = {

/* Begin PBXBuildFile section */
		8807A0C52CDA9EA600495A2B /* OnboardingView.swift in Sources */ = {isa = PBXBuildFile; fileRef = 8807A0C42CDA9EA600495A2B /* OnboardingView.swift */; };
		8807A0C72CDAAA8C00495A2B /* CommonAssets.xcassets in Resources */ = {isa = PBXBuildFile; fileRef = 8807A0C62CDAAA8C00495A2B /* CommonAssets.xcassets */; };
		8807A0CA2CDAAFBF00495A2B /* README.md in Resources */ = {isa = PBXBuildFile; fileRef = 8807A0C92CDAAFBF00495A2B /* README.md */; };
/* End PBXBuildFile section */

/* Begin PBXContainerItemProxy section */
		8807A0A62CDA927F00495A2B /* PBXContainerItemProxy */ = {
			isa = PBXContainerItemProxy;
			containerPortal = 8807A08D2CDA927E00495A2B /* Project object */;
			proxyType = 1;
			remoteGlobalIDString = 8807A0942CDA927E00495A2B;
			remoteInfo = AllAboard;
		};
		8807A0B02CDA927F00495A2B /* PBXContainerItemProxy */ = {
			isa = PBXContainerItemProxy;
			containerPortal = 8807A08D2CDA927E00495A2B /* Project object */;
			proxyType = 1;
			remoteGlobalIDString = 8807A0942CDA927E00495A2B;
			remoteInfo = AllAboard;
		};
/* End PBXContainerItemProxy section */

/* Begin PBXFileReference section */
		8807A0952CDA927E00495A2B /* AllAboard.app */ = {isa = PBXFileReference; explicitFileType = wrapper.application; includeInIndex = 0; path = AllAboard.app; sourceTree = BUILT_PRODUCTS_DIR; };
		8807A0A52CDA927F00495A2B /* AllAboardTests.xctest */ = {isa = PBXFileReference; explicitFileType = wrapper.cfbundle; includeInIndex = 0; path = AllAboardTests.xctest; sourceTree = BUILT_PRODUCTS_DIR; };
		8807A0AF2CDA927F00495A2B /* AllAboardUITests.xctest */ = {isa = PBXFileReference; explicitFileType = wrapper.cfbundle; includeInIndex = 0; path = AllAboardUITests.xctest; sourceTree = BUILT_PRODUCTS_DIR; };
		8807A0C42CDA9EA600495A2B /* OnboardingView.swift */ = {isa = PBXFileReference; lastKnownFileType = sourcecode.swift; path = OnboardingView.swift; sourceTree = "<group>"; };
		8807A0C62CDAAA8C00495A2B /* CommonAssets.xcassets */ = {isa = PBXFileReference; lastKnownFileType = folder.assetcatalog; path = CommonAssets.xcassets; sourceTree = "<group>"; };
		8807A0C92CDAAFBF00495A2B /* README.md */ = {isa = PBXFileReference; lastKnownFileType = net.daringfireball.markdown; path = README.md; sourceTree = "<group>"; };
/* End PBXFileReference section */

/* Begin PBXFileSystemSynchronizedRootGroup section */
		8807A0972CDA927E00495A2B /* AllAboard */ = {
			isa = PBXFileSystemSynchronizedRootGroup;
			path = AllAboard;
			sourceTree = "<group>";
		};
		8807A0A82CDA927F00495A2B /* AllAboardTests */ = {
			isa = PBXFileSystemSynchronizedRootGroup;
			path = AllAboardTests;
			sourceTree = "<group>";
		};
/* End PBXFileSystemSynchronizedRootGroup section */

/* Begin PBXFrameworksBuildPhase section */
		8807A0922CDA927E00495A2B /* Frameworks */ = {
			isa = PBXFrameworksBuildPhase;
			buildActionMask = 2147483647;
			files = (
			);
			runOnlyForDeploymentPostprocessing = 0;
		};
		8807A0A22CDA927F00495A2B /* Frameworks */ = {
			isa = PBXFrameworksBuildPhase;
			buildActionMask = 2147483647;
			files = (
			);
			runOnlyForDeploymentPostprocessing = 0;
		};
		8807A0AC2CDA927F00495A2B /* Frameworks */ = {
			isa = PBXFrameworksBuildPhase;
			buildActionMask = 2147483647;
			files = (
			);
			runOnlyForDeploymentPostprocessing = 0;
		};
/* End PBXFrameworksBuildPhase section */

/* Begin PBXGroup section */
		8807A08C2CDA927E00495A2B = {
			isa = PBXGroup;
			children = (
				8807A0C92CDAAFBF00495A2B /* README.md */,
				8807A0C62CDAAA8C00495A2B /* CommonAssets.xcassets */,
				8807A0C42CDA9EA600495A2B /* OnboardingView.swift */,
				8807A0972CDA927E00495A2B /* AllAboard */,
				8807A0A82CDA927F00495A2B /* AllAboardTests */,
				8807A0962CDA927E00495A2B /* Products */,
			);
			sourceTree = "<group>";
		};
		8807A0962CDA927E00495A2B /* Products */ = {
			isa = PBXGroup;
			children = (
				8807A0952CDA927E00495A2B /* AllAboard.app */,
				8807A0A52CDA927F00495A2B /* AllAboardTests.xctest */,
				8807A0AF2CDA927F00495A2B /* AllAboardUITests.xctest */,
			);
			name = Products;
			sourceTree = "<group>";
		};
/* End PBXGroup section */

/* Begin PBXNativeTarget section */
		8807A0942CDA927E00495A2B /* AllAboard */ = {
			isa = PBXNativeTarget;
			buildConfigurationList = 8807A0B92CDA927F00495A2B /* Build configuration list for PBXNativeTarget "AllAboard" */;
			buildPhases = (
				8807A0912CDA927E00495A2B /* Sources */,
				8807A0922CDA927E00495A2B /* Frameworks */,
				8807A0932CDA927E00495A2B /* Resources */,
			);
			buildRules = (
			);
			dependencies = (
			);
			fileSystemSynchronizedGroups = (
				8807A0972CDA927E00495A2B /* AllAboard */,
			);
			name = AllAboard;
			packageProductDependencies = (
			);
			productName = AllAboard;
			productReference = 8807A0952CDA927E00495A2B /* AllAboard.app */;
			productType = "com.apple.product-type.application";
		};
		8807A0A42CDA927F00495A2B /* AllAboardTests */ = {
			isa = PBXNativeTarget;
			buildConfigurationList = 8807A0BC2CDA927F00495A2B /* Build configuration list for PBXNativeTarget "AllAboardTests" */;
			buildPhases = (
				8807A0A12CDA927F00495A2B /* Sources */,
				8807A0A22CDA927F00495A2B /* Frameworks */,
				8807A0A32CDA927F00495A2B /* Resources */,
			);
			buildRules = (
			);
			dependencies = (
				8807A0A72CDA927F00495A2B /* PBXTargetDependency */,
			);
			fileSystemSynchronizedGroups = (
				8807A0A82CDA927F00495A2B /* AllAboardTests */,
			);
			name = AllAboardTests;
			packageProductDependencies = (
			);
			productName = AllAboardTests;
			productReference = 8807A0A52CDA927F00495A2B /* AllAboardTests.xctest */;
			productType = "com.apple.product-type.bundle.unit-test";
		};
		8807A0AE2CDA927F00495A2B /* AllAboardUITests */ = {
			isa = PBXNativeTarget;
			buildConfigurationList = 8807A0BF2CDA927F00495A2B /* Build configuration list for PBXNativeTarget "AllAboardUITests" */;
			buildPhases = (
				8807A0AB2CDA927F00495A2B /* Sources */,
				8807A0AC2CDA927F00495A2B /* Frameworks */,
				8807A0AD2CDA927F00495A2B /* Resources */,
			);
			buildRules = (
			);
			dependencies = (
				8807A0B12CDA927F00495A2B /* PBXTargetDependency */,
			);
			name = AllAboardUITests;
			packageProductDependencies = (
			);
			productName = AllAboardUITests;
			productReference = 8807A0AF2CDA927F00495A2B /* AllAboardUITests.xctest */;
			productType = "com.apple.product-type.bundle.ui-testing";
		};
/* End PBXNativeTarget section */

/* Begin PBXProject section */
		8807A08D2CDA927E00495A2B /* Project object */ = {
			isa = PBXProject;
			attributes = {
				BuildIndependentTargetsInParallel = 1;
				LastSwiftUpdateCheck = 1600;
				LastUpgradeCheck = 1600;
				TargetAttributes = {
					8807A0942CDA927E00495A2B = {
						CreatedOnToolsVersion = 16.0;
					};
					8807A0A42CDA927F00495A2B = {
						CreatedOnToolsVersion = 16.0;
						TestTargetID = 8807A0942CDA927E00495A2B;
					};
					8807A0AE2CDA927F00495A2B = {
						CreatedOnToolsVersion = 16.0;
						TestTargetID = 8807A0942CDA927E00495A2B;
					};
				};
			};
			buildConfigurationList = 8807A0902CDA927E00495A2B /* Build configuration list for PBXProject "AllAboard" */;
			developmentRegion = en;
			hasScannedForEncodings = 0;
			knownRegions = (
				en,
				Base,
			);
			mainGroup = 8807A08C2CDA927E00495A2B;
			minimizedProjectReferenceProxies = 1;
			preferredProjectObjectVersion = 77;
			productRefGroup = 8807A0962CDA927E00495A2B /* Products */;
			projectDirPath = "";
			projectRoot = "";
			targets = (
				8807A0942CDA927E00495A2B /* AllAboard */,
				8807A0A42CDA927F00495A2B /* AllAboardTests */,
				8807A0AE2CDA927F00495A2B /* AllAboardUITests */,
			);
		};
/* End PBXProject section */

/* Begin PBXResourcesBuildPhase section */
		8807A0932CDA927E00495A2B /* Resources */ = {
			isa = PBXResourcesBuildPhase;
			buildActionMask = 2147483647;
			files = (
				8807A0C72CDAAA8C00495A2B /* CommonAssets.xcassets in Resources */,
				8807A0CA2CDAAFBF00495A2B /* README.md in Resources */,
			);
			runOnlyForDeploymentPostprocessing = 0;
		};
		8807A0A32CDA927F00495A2B /* Resources */ = {
			isa = PBXResourcesBuildPhase;
			buildActionMask = 2147483647;
			files = (
			);
			runOnlyForDeploymentPostprocessing = 0;
		};
		8807A0AD2CDA927F00495A2B /* Resources */ = {
			isa = PBXResourcesBuildPhase;
			buildActionMask = 2147483647;
			files = (
			);
			runOnlyForDeploymentPostprocessing = 0;
		};
/* End PBXResourcesBuildPhase section */

/* Begin PBXSourcesBuildPhase section */
		8807A0912CDA927E00495A2B /* Sources */ = {
			isa = PBXSourcesBuildPhase;
			buildActionMask = 2147483647;
			files = (
				8807A0C52CDA9EA600495A2B /* OnboardingView.swift in Sources */,
			);
			runOnlyForDeploymentPostprocessing = 0;
		};
		8807A0A12CDA927F00495A2B /* Sources */ = {
			isa = PBXSourcesBuildPhase;
			buildActionMask = 2147483647;
			files = (
			);
			runOnlyForDeploymentPostprocessing = 0;
		};
		8807A0AB2CDA927F00495A2B /* Sources */ = {
			isa = PBXSourcesBuildPhase;
			buildActionMask = 2147483647;
			files = (
			);
			runOnlyForDeploymentPostprocessing = 0;
		};
/* End PBXSourcesBuildPhase section */

/* Begin PBXTargetDependency section */
		8807A0A72CDA927F00495A2B /* PBXTargetDependency */ = {
			isa = PBXTargetDependency;
			target = 8807A0942CDA927E00495A2B /* AllAboard */;
			targetProxy = 8807A0A62CDA927F00495A2B /* PBXContainerItemProxy */;
		};
		8807A0B12CDA927F00495A2B /* PBXTargetDependency */ = {
			isa = PBXTargetDependency;
			target = 8807A0942CDA927E00495A2B /* AllAboard */;
			targetProxy = 8807A0B02CDA927F00495A2B /* PBXContainerItemProxy */;
		};
/* End PBXTargetDependency section */

/* Begin XCBuildConfiguration section */
		8807A0B72CDA927F00495A2B /* Debug */ = {
			isa = XCBuildConfiguration;
			buildSettings = {
				ALWAYS_SEARCH_USER_PATHS = NO;
				ASSETCATALOG_COMPILER_GENERATE_SWIFT_ASSET_SYMBOL_EXTENSIONS = YES;
				CLANG_ANALYZER_NONNULL = YES;
				CLANG_ANALYZER_NUMBER_OBJECT_CONVERSION = YES_AGGRESSIVE;
				CLANG_CXX_LANGUAGE_STANDARD = "gnu++20";
				CLANG_ENABLE_MODULES = YES;
				CLANG_ENABLE_OBJC_ARC = YES;
				CLANG_ENABLE_OBJC_WEAK = YES;
				CLANG_WARN_BLOCK_CAPTURE_AUTORELEASING = YES;
				CLANG_WARN_BOOL_CONVERSION = YES;
				CLANG_WARN_COMMA = YES;
				CLANG_WARN_CONSTANT_CONVERSION = YES;
				CLANG_WARN_DEPRECATED_OBJC_IMPLEMENTATIONS = YES;
				CLANG_WARN_DIRECT_OBJC_ISA_USAGE = YES_ERROR;
				CLANG_WARN_DOCUMENTATION_COMMENTS = YES;
				CLANG_WARN_EMPTY_BODY = YES;
				CLANG_WARN_ENUM_CONVERSION = YES;
				CLANG_WARN_INFINITE_RECURSION = YES;
				CLANG_WARN_INT_CONVERSION = YES;
				CLANG_WARN_NON_LITERAL_NULL_CONVERSION = YES;
				CLANG_WARN_OBJC_IMPLICIT_RETAIN_SELF = YES;
				CLANG_WARN_OBJC_LITERAL_CONVERSION = YES;
				CLANG_WARN_OBJC_ROOT_CLASS = YES_ERROR;
				CLANG_WARN_QUOTED_INCLUDE_IN_FRAMEWORK_HEADER = YES;
				CLANG_WARN_RANGE_LOOP_ANALYSIS = YES;
				CLANG_WARN_STRICT_PROTOTYPES = YES;
				CLANG_WARN_SUSPICIOUS_MOVE = YES;
				CLANG_WARN_UNGUARDED_AVAILABILITY = YES_AGGRESSIVE;
				CLANG_WARN_UNREACHABLE_CODE = YES;
				CLANG_WARN__DUPLICATE_METHOD_MATCH = YES;
				COPY_PHASE_STRIP = NO;
				DEBUG_INFORMATION_FORMAT = dwarf;
				ENABLE_STRICT_OBJC_MSGSEND = YES;
				ENABLE_TESTABILITY = YES;
				ENABLE_USER_SCRIPT_SANDBOXING = YES;
				GCC_C_LANGUAGE_STANDARD = gnu17;
				GCC_DYNAMIC_NO_PIC = NO;
				GCC_NO_COMMON_BLOCKS = YES;
				GCC_OPTIMIZATION_LEVEL = 0;
				GCC_PREPROCESSOR_DEFINITIONS = (
					"DEBUG=1",
					"$(inherited)",
				);
				GCC_WARN_64_TO_32_BIT_CONVERSION = YES;
				GCC_WARN_ABOUT_RETURN_TYPE = YES_ERROR;
				GCC_WARN_UNDECLARED_SELECTOR = YES;
				GCC_WARN_UNINITIALIZED_AUTOS = YES_AGGRESSIVE;
				GCC_WARN_UNUSED_FUNCTION = YES;
				GCC_WARN_UNUSED_VARIABLE = YES;
				IPHONEOS_DEPLOYMENT_TARGET = 18.0;
				LOCALIZATION_PREFERS_STRING_CATALOGS = YES;
				MTL_ENABLE_DEBUG_INFO = INCLUDE_SOURCE;
				MTL_FAST_MATH = YES;
				ONLY_ACTIVE_ARCH = YES;
				SDKROOT = iphoneos;
				SWIFT_ACTIVE_COMPILATION_CONDITIONS = "DEBUG $(inherited)";
				SWIFT_OPTIMIZATION_LEVEL = "-Onone";
			};
			name = Debug;
		};
		8807A0B82CDA927F00495A2B /* Release */ = {
			isa = XCBuildConfiguration;
			buildSettings = {
				ALWAYS_SEARCH_USER_PATHS = NO;
				ASSETCATALOG_COMPILER_GENERATE_SWIFT_ASSET_SYMBOL_EXTENSIONS = YES;
				CLANG_ANALYZER_NONNULL = YES;
				CLANG_ANALYZER_NUMBER_OBJECT_CONVERSION = YES_AGGRESSIVE;
				CLANG_CXX_LANGUAGE_STANDARD = "gnu++20";
				CLANG_ENABLE_MODULES = YES;
				CLANG_ENABLE_OBJC_ARC = YES;
				CLANG_ENABLE_OBJC_WEAK = YES;
				CLANG_WARN_BLOCK_CAPTURE_AUTORELEASING = YES;
				CLANG_WARN_BOOL_CONVERSION = YES;
				CLANG_WARN_COMMA = YES;
				CLANG_WARN_CONSTANT_CONVERSION = YES;
				CLANG_WARN_DEPRECATED_OBJC_IMPLEMENTATIONS = YES;
				CLANG_WARN_DIRECT_OBJC_ISA_USAGE = YES_ERROR;
				CLANG_WARN_DOCUMENTATION_COMMENTS = YES;
				CLANG_WARN_EMPTY_BODY = YES;
				CLANG_WARN_ENUM_CONVERSION = YES;
				CLANG_WARN_INFINITE_RECURSION = YES;
				CLANG_WARN_INT_CONVERSION = YES;
				CLANG_WARN_NON_LITERAL_NULL_CONVERSION = YES;
				CLANG_WARN_OBJC_IMPLICIT_RETAIN_SELF = YES;
				CLANG_WARN_OBJC_LITERAL_CONVERSION = YES;
				CLANG_WARN_OBJC_ROOT_CLASS = YES_ERROR;
				CLANG_WARN_QUOTED_INCLUDE_IN_FRAMEWORK_HEADER = YES;
				CLANG_WARN_RANGE_LOOP_ANALYSIS = YES;
				CLANG_WARN_STRICT_PROTOTYPES = YES;
				CLANG_WARN_SUSPICIOUS_MOVE = YES;
				CLANG_WARN_UNGUARDED_AVAILABILITY = YES_AGGRESSIVE;
				CLANG_WARN_UNREACHABLE_CODE = YES;
				CLANG_WARN__DUPLICATE_METHOD_MATCH = YES;
				COPY_PHASE_STRIP = NO;
				DEBUG_INFORMATION_FORMAT = "dwarf-with-dsym";
				ENABLE_NS_ASSERTIONS = NO;
				ENABLE_STRICT_OBJC_MSGSEND = YES;
				ENABLE_USER_SCRIPT_SANDBOXING = YES;
				GCC_C_LANGUAGE_STANDARD = gnu17;
				GCC_NO_COMMON_BLOCKS = YES;
				GCC_WARN_64_TO_32_BIT_CONVERSION = YES;
				GCC_WARN_ABOUT_RETURN_TYPE = YES_ERROR;
				GCC_WARN_UNDECLARED_SELECTOR = YES;
				GCC_WARN_UNINITIALIZED_AUTOS = YES_AGGRESSIVE;
				GCC_WARN_UNUSED_FUNCTION = YES;
				GCC_WARN_UNUSED_VARIABLE = YES;
				IPHONEOS_DEPLOYMENT_TARGET = 18.0;
				LOCALIZATION_PREFERS_STRING_CATALOGS = YES;
				MTL_ENABLE_DEBUG_INFO = NO;
				MTL_FAST_MATH = YES;
				SDKROOT = iphoneos;
				SWIFT_COMPILATION_MODE = wholemodule;
				VALIDATE_PRODUCT = YES;
			};
			name = Release;
		};
		8807A0BA2CDA927F00495A2B /* Debug */ = {
			isa = XCBuildConfiguration;
			buildSettings = {
				ASSETCATALOG_COMPILER_APPICON_NAME = AppIcon;
				ASSETCATALOG_COMPILER_GLOBAL_ACCENT_COLOR_NAME = AccentColor;
				CODE_SIGN_STYLE = Automatic;
				CURRENT_PROJECT_VERSION = 2;
				DEVELOPMENT_ASSET_PATHS = "\"AllAboard/Preview Content\"";
				DEVELOPMENT_TEAM = NEAY582ME4;
				ENABLE_PREVIEWS = YES;
				GENERATE_INFOPLIST_FILE = YES;
				INFOPLIST_KEY_UIApplicationSceneManifest_Generation = YES;
				INFOPLIST_KEY_UIApplicationSupportsIndirectInputEvents = YES;
				INFOPLIST_KEY_UILaunchScreen_Generation = YES;
				INFOPLIST_KEY_UISupportedInterfaceOrientations_iPad = "UIInterfaceOrientationPortrait UIInterfaceOrientationPortraitUpsideDown UIInterfaceOrientationLandscapeLeft UIInterfaceOrientationLandscapeRight";
				INFOPLIST_KEY_UISupportedInterfaceOrientations_iPhone = "UIInterfaceOrientationPortrait UIInterfaceOrientationLandscapeLeft UIInterfaceOrientationLandscapeRight";
				LD_RUNPATH_SEARCH_PATHS = (
					"$(inherited)",
					"@executable_path/Frameworks",
				);
				MARKETING_VERSION = 1.0;
				PRODUCT_BUNDLE_IDENTIFIER = com.billdonner.AllAboard;
				PRODUCT_NAME = "$(TARGET_NAME)";
				SWIFT_EMIT_LOC_STRINGS = YES;
				SWIFT_VERSION = 5.0;
				TARGETED_DEVICE_FAMILY = "1,2";
			};
			name = Debug;
		};
		8807A0BB2CDA927F00495A2B /* Release */ = {
			isa = XCBuildConfiguration;
			buildSettings = {
				ASSETCATALOG_COMPILER_APPICON_NAME = AppIcon;
				ASSETCATALOG_COMPILER_GLOBAL_ACCENT_COLOR_NAME = AccentColor;
				CODE_SIGN_STYLE = Automatic;
				CURRENT_PROJECT_VERSION = 2;
				DEVELOPMENT_ASSET_PATHS = "\"AllAboard/Preview Content\"";
				DEVELOPMENT_TEAM = NEAY582ME4;
				ENABLE_PREVIEWS = YES;
				GENERATE_INFOPLIST_FILE = YES;
				INFOPLIST_KEY_UIApplicationSceneManifest_Generation = YES;
				INFOPLIST_KEY_UIApplicationSupportsIndirectInputEvents = YES;
				INFOPLIST_KEY_UILaunchScreen_Generation = YES;
				INFOPLIST_KEY_UISupportedInterfaceOrientations_iPad = "UIInterfaceOrientationPortrait UIInterfaceOrientationPortraitUpsideDown UIInterfaceOrientationLandscapeLeft UIInterfaceOrientationLandscapeRight";
				INFOPLIST_KEY_UISupportedInterfaceOrientations_iPhone = "UIInterfaceOrientationPortrait UIInterfaceOrientationLandscapeLeft UIInterfaceOrientationLandscapeRight";
				LD_RUNPATH_SEARCH_PATHS = (
					"$(inherited)",
					"@executable_path/Frameworks",
				);
				MARKETING_VERSION = 1.0;
				PRODUCT_BUNDLE_IDENTIFIER = com.billdonner.AllAboard;
				PRODUCT_NAME = "$(TARGET_NAME)";
				SWIFT_EMIT_LOC_STRINGS = YES;
				SWIFT_VERSION = 5.0;
				TARGETED_DEVICE_FAMILY = "1,2";
			};
			name = Release;
		};
		8807A0BD2CDA927F00495A2B /* Debug */ = {
			isa = XCBuildConfiguration;
			buildSettings = {
				BUNDLE_LOADER = "$(TEST_HOST)";
				CODE_SIGN_STYLE = Automatic;
				CURRENT_PROJECT_VERSION = 1;
				DEVELOPMENT_TEAM = NEAY582ME4;
				GENERATE_INFOPLIST_FILE = YES;
				IPHONEOS_DEPLOYMENT_TARGET = 18.0;
				MARKETING_VERSION = 1.0;
				PRODUCT_BUNDLE_IDENTIFIER = com.billdonner.AllAboardTests;
				PRODUCT_NAME = "$(TARGET_NAME)";
				SWIFT_EMIT_LOC_STRINGS = NO;
				SWIFT_VERSION = 5.0;
				TARGETED_DEVICE_FAMILY = "1,2";
				TEST_HOST = "$(BUILT_PRODUCTS_DIR)/AllAboard.app/$(BUNDLE_EXECUTABLE_FOLDER_PATH)/AllAboard";
			};
			name = Debug;
		};
		8807A0BE2CDA927F00495A2B /* Release */ = {
			isa = XCBuildConfiguration;
			buildSettings = {
				BUNDLE_LOADER = "$(TEST_HOST)";
				CODE_SIGN_STYLE = Automatic;
				CURRENT_PROJECT_VERSION = 1;
				DEVELOPMENT_TEAM = NEAY582ME4;
				GENERATE_INFOPLIST_FILE = YES;
				IPHONEOS_DEPLOYMENT_TARGET = 18.0;
				MARKETING_VERSION = 1.0;
				PRODUCT_BUNDLE_IDENTIFIER = com.billdonner.AllAboardTests;
				PRODUCT_NAME = "$(TARGET_NAME)";
				SWIFT_EMIT_LOC_STRINGS = NO;
				SWIFT_VERSION = 5.0;
				TARGETED_DEVICE_FAMILY = "1,2";
				TEST_HOST = "$(BUILT_PRODUCTS_DIR)/AllAboard.app/$(BUNDLE_EXECUTABLE_FOLDER_PATH)/AllAboard";
			};
			name = Release;
		};
		8807A0C02CDA927F00495A2B /* Debug */ = {
			isa = XCBuildConfiguration;
			buildSettings = {
				CODE_SIGN_STYLE = Automatic;
				CURRENT_PROJECT_VERSION = 1;
				DEVELOPMENT_TEAM = NEAY582ME4;
				GENERATE_INFOPLIST_FILE = YES;
				MARKETING_VERSION = 1.0;
				PRODUCT_BUNDLE_IDENTIFIER = com.billdonner.AllAboardUITests;
				PRODUCT_NAME = "$(TARGET_NAME)";
				SWIFT_EMIT_LOC_STRINGS = NO;
				SWIFT_VERSION = 5.0;
				TARGETED_DEVICE_FAMILY = "1,2";
				TEST_TARGET_NAME = AllAboard;
			};
			name = Debug;
		};
		8807A0C12CDA927F00495A2B /* Release */ = {
			isa = XCBuildConfiguration;
			buildSettings = {
				CODE_SIGN_STYLE = Automatic;
				CURRENT_PROJECT_VERSION = 1;
				DEVELOPMENT_TEAM = NEAY582ME4;
				GENERATE_INFOPLIST_FILE = YES;
				MARKETING_VERSION = 1.0;
				PRODUCT_BUNDLE_IDENTIFIER = com.billdonner.AllAboardUITests;
				PRODUCT_NAME = "$(TARGET_NAME)";
				SWIFT_EMIT_LOC_STRINGS = NO;
				SWIFT_VERSION = 5.0;
				TARGETED_DEVICE_FAMILY = "1,2";
				TEST_TARGET_NAME = AllAboard;
			};
			name = Release;
		};
/* End XCBuildConfiguration section */

/* Begin XCConfigurationList section */
		8807A0902CDA927E00495A2B /* Build configuration list for PBXProject "AllAboard" */ = {
			isa = XCConfigurationList;
			buildConfigurations = (
				8807A0B72CDA927F00495A2B /* Debug */,
				8807A0B82CDA927F00495A2B /* Release */,
			);
			defaultConfigurationIsVisible = 0;
			defaultConfigurationName = Release;
		};
		8807A0B92CDA927F00495A2B /* Build configuration list for PBXNativeTarget "AllAboard" */ = {
			isa = XCConfigurationList;
			buildConfigurations = (
				8807A0BA2CDA927F00495A2B /* Debug */,
				8807A0BB2CDA927F00495A2B /* Release */,
			);
			defaultConfigurationIsVisible = 0;
			defaultConfigurationName = Release;
		};
		8807A0BC2CDA927F00495A2B /* Build configuration list for PBXNativeTarget "AllAboardTests" */ = {
			isa = XCConfigurationList;
			buildConfigurations = (
				8807A0BD2CDA927F00495A2B /* Debug */,
				8807A0BE2CDA927F00495A2B /* Release */,
			);
			defaultConfigurationIsVisible = 0;
			defaultConfigurationName = Release;
		};
		8807A0BF2CDA927F00495A2B /* Build configuration list for PBXNativeTarget "AllAboardUITests" */ = {
			isa = XCConfigurationList;
			buildConfigurations = (
				8807A0C02CDA927F00495A2B /* Debug */,
				8807A0C12CDA927F00495A2B /* Release */,
			);
			defaultConfigurationIsVisible = 0;
			defaultConfigurationName = Release;
		};
/* End XCConfigurationList section */
	};
	rootObject = 8807A08D2CDA927E00495A2B /* Project object */;
}
